
Microsoft Visual Studio Solution File, Format Version 12.00
# Visual Studio 15
VisualStudioVersion = 15.0.28307.705
MinimumVisualStudioVersion = 10.0.40219.1
Project("{FAE04EC0-301F-11D3-BF4B-00C04F79EFBC}") = "Sum2BigNumNetCoreReactRedux", "Sum2BigNumNetCoreReactRedux\Sum2BigNumNetCoreReactRedux.csproj", "{EC1468C7-AF6C-49BA-8872-D8CFAD04E61A}"
EndProject
Project("{FAE04EC0-301F-11D3-BF4B-00C04F79EFBC}") = "DomainLayer", "DomainLayer\DomainLayer.csproj", "{65C3E9E4-CC7B-427D-ADD3-9D305DA7F50A}"
EndProject
Project("{FAE04EC0-301F-11D3-BF4B-00C04F79EFBC}") = "RepositoryLayer", "RepositoryLayer\RepositoryLayer.csproj", "{A4A73462-37AF-40DD-88B6-B31AEA660BDF}"
EndProject
Project("{FAE04EC0-301F-11D3-BF4B-00C04F79EFBC}") = "WebApiNetCoreUnitTest", "WebApiNetCoreUnitTest\WebApiNetCoreUnitTest.csproj", "{FB9EDF63-8778-4FD0-B495-88C2609C13C5}"
EndProject
Global
	GlobalSection(SolutionConfigurationPlatforms) = preSolution
		Debug|Any CPU = Debug|Any CPU
		Release|Any CPU = Release|Any CPU
	EndGlobalSection
	GlobalSection(ProjectConfigurationPlatforms) = postSolution
		{EC1468C7-AF6C-49BA-8872-D8CFAD04E61A}.Debug|Any CPU.ActiveCfg = Debug|Any CPU
		{EC1468C7-AF6C-49BA-8872-D8CFAD04E61A}.Debug|Any CPU.Build.0 = Debug|Any CPU
		{EC1468C7-AF6C-49BA-8872-D8CFAD04E61A}.Release|Any CPU.ActiveCfg = Release|Any CPU
		{EC1468C7-AF6C-49BA-8872-D8CFAD04E61A}.Release|Any CPU.Build.0 = Release|Any CPU
		{65C3E9E4-CC7B-427D-ADD3-9D305DA7F50A}.Debug|Any CPU.ActiveCfg = Debug|Any CPU
		{65C3E9E4-CC7B-427D-ADD3-9D305DA7F50A}.Debug|Any CPU.Build.0 = Debug|Any CPU
		{65C3E9E4-CC7B-427D-ADD3-9D305DA7F50A}.Release|Any CPU.ActiveCfg = Release|Any CPU
		{65C3E9E4-CC7B-427D-ADD3-9D305DA7F50A}.Release|Any CPU.Build.0 = Release|Any CPU
		{A4A73462-37AF-40DD-88B6-B31AEA660BDF}.Debug|Any CPU.ActiveCfg = Debug|Any CPU
		{A4A73462-37AF-40DD-88B6-B31AEA660BDF}.Debug|Any CPU.Build.0 = Debug|Any CPU
		{A4A73462-37AF-40DD-88B6-B31AEA660BDF}.Release|Any CPU.ActiveCfg = Release|Any CPU
		{A4A73462-37AF-40DD-88B6-B31AEA660BDF}.Release|Any CPU.Build.0 = Release|Any CPU
		{FB9EDF63-8778-4FD0-B495-88C2609C13C5}.Debug|Any CPU.ActiveCfg = Debug|Any CPU
		{FB9EDF63-8778-4FD0-B495-88C2609C13C5}.Debug|Any CPU.Build.0 = Debug|Any CPU
		{FB9EDF63-8778-4FD0-B495-88C2609C13C5}.Release|Any CPU.ActiveCfg = Release|Any CPU
		{FB9EDF63-8778-4FD0-B495-88C2609C13C5}.Release|Any CPU.Build.0 = Release|Any CPU
	EndGlobalSection
	GlobalSection(SolutionProperties) = preSolution
		HideSolutionNode = FALSE
	EndGlobalSection
	GlobalSection(ExtensibilityGlobals) = postSolution
		SolutionGuid = {505D95F2-B767-4962-B0ED-41BC33A017C5}
	EndGlobalSection
EndGlobal
